
Microsoft Visual Studio Solution File, Format Version 12.00
# Visual Studio Version 16
VisualStudioVersion = 16.0.30011.22
MinimumVisualStudioVersion = 10.0.40219.1
Project("{FAE04EC0-301F-11D3-BF4B-00C04F79EFBC}") = "3DOK API", "3DOK API\3DOK API.csproj", "{8F4A4535-4654-498B-9A71-7C1DDD42519C}"
EndProject
Global
	GlobalSection(SolutionConfigurationPlatforms) = preSolution
		Debug|Any CPU = Debug|Any CPU
		Release|Any CPU = Release|Any CPU
	EndGlobalSection
	GlobalSection(ProjectConfigurationPlatforms) = postSolution
		{8F4A4535-4654-498B-9A71-7C1DDD42519C}.Debug|Any CPU.ActiveCfg = Debug|Any CPU
		{8F4A4535-4654-498B-9A71-7C1DDD42519C}.Debug|Any CPU.Build.0 = Debug|Any CPU
		{8F4A4535-4654-498B-9A71-7C1DDD42519C}.Release|Any CPU.ActiveCfg = Release|Any CPU
		{8F4A4535-4654-498B-9A71-7C1DDD42519C}.Release|Any CPU.Build.0 = Release|Any CPU
	EndGlobalSection
	GlobalSection(SolutionProperties) = preSolution
		HideSolutionNode = FALSE
	EndGlobalSection
	GlobalSection(ExtensibilityGlobals) = postSolution
		SolutionGuid = {8CFA7B0C-EDC0-48A4-A381-D9446E18301C}
	EndGlobalSection
EndGlobal
